
Microsoft Visual Studio Solution File, Format Version 12.00
# Visual Studio Version 17
VisualStudioVersion = 17.7.34024.191
MinimumVisualStudioVersion = 10.0.40219.1
Project("{FAE04EC0-301F-11D3-BF4B-00C04F79EFBC}") = "Web_API_Test", "Web_API_Test\Web_API_Test.csproj", "{4EAC5DBD-BFBA-4FBD-8941-75929CA4F450}"
EndProject
Global
	GlobalSection(SolutionConfigurationPlatforms) = preSolution
		Debug|Any CPU = Debug|Any CPU
		Release|Any CPU = Release|Any CPU
	EndGlobalSection
	GlobalSection(ProjectConfigurationPlatforms) = postSolution
		{4EAC5DBD-BFBA-4FBD-8941-75929CA4F450}.Debug|Any CPU.ActiveCfg = Debug|Any CPU
		{4EAC5DBD-BFBA-4FBD-8941-75929CA4F450}.Debug|Any CPU.Build.0 = Debug|Any CPU
		{4EAC5DBD-BFBA-4FBD-8941-75929CA4F450}.Release|Any CPU.ActiveCfg = Release|Any CPU
		{4EAC5DBD-BFBA-4FBD-8941-75929CA4F450}.Release|Any CPU.Build.0 = Release|Any CPU
	EndGlobalSection
	GlobalSection(SolutionProperties) = preSolution
		HideSolutionNode = FALSE
	EndGlobalSection
	GlobalSection(ExtensibilityGlobals) = postSolution
		SolutionGuid = {AFCE683C-30A6-446C-83E9-B77B5910AA56}
	EndGlobalSection
EndGlobal
