
Microsoft Visual Studio Solution File, Format Version 12.00
# Visual Studio Version 17
VisualStudioVersion = 17.7.34221.43
MinimumVisualStudioVersion = 10.0.40219.1
Project("{9A19103F-16F7-4668-BE54-9A1E7A4F7556}") = "Deploy-f", "Deploy-f\Deploy-f.csproj", "{2711B237-9439-45B3-8A2D-F8F082B3FAE7}"
EndProject
Project("{9A19103F-16F7-4668-BE54-9A1E7A4F7556}") = "ClassLibrary1", "ClassLibrary\ClassLibrary1.csproj", "{B0F84BDB-8550-4AA5-B70A-3CF45C417D7B}"
EndProject
Global
	GlobalSection(SolutionConfigurationPlatforms) = preSolution
		Debug|Any CPU = Debug|Any CPU
		Release|Any CPU = Release|Any CPU
	EndGlobalSection
	GlobalSection(ProjectConfigurationPlatforms) = postSolution
		{2711B237-9439-45B3-8A2D-F8F082B3FAE7}.Debug|Any CPU.ActiveCfg = Debug|Any CPU
		{2711B237-9439-45B3-8A2D-F8F082B3FAE7}.Debug|Any CPU.Build.0 = Debug|Any CPU
		{2711B237-9439-45B3-8A2D-F8F082B3FAE7}.Release|Any CPU.ActiveCfg = Release|Any CPU
		{2711B237-9439-45B3-8A2D-F8F082B3FAE7}.Release|Any CPU.Build.0 = Release|Any CPU
		{B0F84BDB-8550-4AA5-B70A-3CF45C417D7B}.Debug|Any CPU.ActiveCfg = Debug|Any CPU
		{B0F84BDB-8550-4AA5-B70A-3CF45C417D7B}.Debug|Any CPU.Build.0 = Debug|Any CPU
		{B0F84BDB-8550-4AA5-B70A-3CF45C417D7B}.Release|Any CPU.ActiveCfg = Release|Any CPU
		{B0F84BDB-8550-4AA5-B70A-3CF45C417D7B}.Release|Any CPU.Build.0 = Release|Any CPU
	EndGlobalSection
	GlobalSection(SolutionProperties) = preSolution
		HideSolutionNode = FALSE
	EndGlobalSection
	GlobalSection(ExtensibilityGlobals) = postSolution
		SolutionGuid = {4F18E7A9-3B03-4F11-99BC-DCFAAC38C677}
	EndGlobalSection
EndGlobal
